lockfileVersion: '9.0'

settings:
  autoInstallPeers: true
  excludeLinksFromLockfile: false

importers:

  .:
    devDependencies:
      '@rollup/plugin-commonjs':
        specifier: ^28.0.2
        version: 28.0.2(rollup@4.34.6)
      '@rollup/plugin-node-resolve':
        specifier: ^16.0.0
        version: 16.0.0(rollup@4.34.6)
      '@rollup/plugin-terser':
        specifier: ^0.4.4
        version: 0.4.4(rollup@4.34.6)
      '@rollup/plugin-typescript':
        specifier: ^12.1.2
        version: 12.1.2(rollup@4.34.6)(tslib@2.8.1)(typescript@5.7.3)
      rollup:
        specifier: ^4.34.6
        version: 4.34.6
      rollup-plugin-delete:
        specifier: ^2.1.0
        version: 2.1.0(rollup@4.34.6)
      rollup-plugin-dts:
        specifier: ^6.1.1
        version: 6.1.1(rollup@4.34.6)(typescript@5.7.3)
      tslib:
        specifier: ^2.8.1
        version: 2.8.1
      typescript:
        specifier: ^5.7.3
        version: 5.7.3

packages:

  '@babel/code-frame@7.26.2':
    resolution: {integrity: sha512-RJlIHRueQgwWitWgF8OdFYGZX328Ax5BCemNGlqHfplnRT9ESi8JkFlvaVYbS+UubVY6dpv87Fs2u5M29iNFVQ==}
    engines: {node: '>=6.9.0'}

  '@babel/helper-validator-identifier@7.25.9':
    resolution: {integrity: sha512-Ed61U6XJc3CVRfkERJWDz4dJwKe7iLmmJsbOGu9wSloNSFttHV0I8g6UAgb7qnK5ly5bGLPd4oXZlxCdANBOWQ==}
    engines: {node: '>=6.9.0'}

  '@jridgewell/gen-mapping@0.3.8':
    resolution: {integrity: sha512-imAbBGkb+ebQyxKgzv5Hu2nmROxoDOXHh80evxdoXNOrvAnVx7zimzc1Oo5h9RlfV4vPXaE2iM5pOFbvOCClWA==}
    engines: {node: '>=6.0.0'}

  '@jridgewell/resolve-uri@3.1.2':
    resolution: {integrity: sha512-bRISgCIjP20/tbWSPWMEi54QVPRZExkuD9lJL+UIxUKtwVJA8wW1Trb1jMs1RFXo1CBTNZ/5hpC9QvmKWdopKw==}
    engines: {node: '>=6.0.0'}

  '@jridgewell/set-array@1.2.1':
    resolution: {integrity: sha512-R8gLRTZeyp03ymzP/6Lil/28tGeGEzhx1q2k703KGWRAI1VdvPIXdG70VJc2pAMw3NA6JKL5hhFu1sJX0Mnn/A==}
    engines: {node: '>=6.0.0'}

  '@jridgewell/source-map@0.3.6':
    resolution: {integrity: sha512-1ZJTZebgqllO79ue2bm3rIGud/bOe0pP5BjSRCRxxYkEZS8STV7zN84UBbiYu7jy+eCKSnVIUgoWWE/tt+shMQ==}

  '@jridgewell/sourcemap-codec@1.5.0':
    resolution: {integrity: sha512-gv3ZRaISU3fjPAgNsriBRqGWQL6quFx04YMPW/zD8XMLsU32mhCCbfbO6KZFLjvYpCZ8zyDEgqsgf+PwPaM7GQ==}

  '@jridgewell/trace-mapping@0.3.25':
    resolution: {integrity: sha512-vNk6aEwybGtawWmy/PzwnGDOjCkLWSD2wqvjGGAgOAwCGWySYXfYoxt00IJkTF+8Lb57DwOb3Aa0o9CApepiYQ==}

  '@nodelib/fs.scandir@2.1.5':
    resolution: {integrity: sha512-vq24Bq3ym5HEQm2NKCr3yXDwjc7vTsEThRDnkp2DK9p1uqLR+DHurm/NOTo0KG7HYHU7eppKZj3MyqYuMBf62g==}
    engines: {node: '>= 8'}

  '@nodelib/fs.stat@2.0.5':
    resolution: {integrity: sha512-RkhPPp2zrqDAQA/2jNhnztcPAlv64XdhIp7a7454A5ovI7Bukxgt7MX7udwAu3zg1DcpPU0rz3VV1SeaqvY4+A==}
    engines: {node: '>= 8'}

  '@nodelib/fs.walk@1.2.8':
    resolution: {integrity: sha512-oGB+UxlgWcgQkgwo8GcEGwemoTFt3FIO9ababBmaGwXIoBKZ+GTy0pP185beGg7Llih/NSHSV2XAs1lnznocSg==}
    engines: {node: '>= 8'}

  '@rollup/plugin-commonjs@28.0.2':
    resolution: {integrity: sha512-BEFI2EDqzl+vA1rl97IDRZ61AIwGH093d9nz8+dThxJNH8oSoB7MjWvPCX3dkaK1/RCJ/1v/R1XB15FuSs0fQw==}
    engines: {node: '>=16.0.0 || 14 >= 14.17'}
    peerDependencies:
      rollup: ^2.68.0||^3.0.0||^4.0.0
    peerDependenciesMeta:
      rollup:
        optional: true

  '@rollup/plugin-node-resolve@16.0.0':
    resolution: {integrity: sha512-0FPvAeVUT/zdWoO0jnb/V5BlBsUSNfkIOtFHzMO4H9MOklrmQFY6FduVHKucNb/aTFxvnGhj4MNj/T1oNdDfNg==}
    engines: {node: '>=14.0.0'}
    peerDependencies:
      rollup: ^2.78.0||^3.0.0||^4.0.0
    peerDependenciesMeta:
      rollup:
        optional: true

  '@rollup/plugin-terser@0.4.4':
    resolution: {integrity: sha512-XHeJC5Bgvs8LfukDwWZp7yeqin6ns8RTl2B9avbejt6tZqsqvVoWI7ZTQrcNsfKEDWBTnTxM8nMDkO2IFFbd0A==}
    engines: {node: '>=14.0.0'}
    peerDependencies:
      rollup: ^2.0.0||^3.0.0||^4.0.0
    peerDependenciesMeta:
      rollup:
        optional: true

  '@rollup/plugin-typescript@12.1.2':
    resolution: {integrity: sha512-cdtSp154H5sv637uMr1a8OTWB0L1SWDSm1rDGiyfcGcvQ6cuTs4MDk2BVEBGysUWago4OJN4EQZqOTl/QY3Jgg==}
    engines: {node: '>=14.0.0'}
    peerDependencies:
      rollup: ^2.14.0||^3.0.0||^4.0.0
      tslib: '*'
      typescript: '>=3.7.0'
    peerDependenciesMeta:
      rollup:
        optional: true
      tslib:
        optional: true

  '@rollup/pluginutils@5.1.4':
    resolution: {integrity: sha512-USm05zrsFxYLPdWWq+K3STlWiT/3ELn3RcV5hJMghpeAIhxfsUIg6mt12CBJBInWMV4VneoV7SfGv8xIwo2qNQ==}
    engines: {node: '>=14.0.0'}
    peerDependencies:
      rollup: ^1.20.0||^2.0.0||^3.0.0||^4.0.0
    peerDependenciesMeta:
      rollup:
        optional: true

  '@rollup/rollup-android-arm-eabi@4.34.6':
    resolution: {integrity: sha512-+GcCXtOQoWuC7hhX1P00LqjjIiS/iOouHXhMdiDSnq/1DGTox4SpUvO52Xm+div6+106r+TcvOeo/cxvyEyTgg==}
    cpu: [arm]
    os: [android]

  '@rollup/rollup-android-arm64@4.34.6':
    resolution: {integrity: sha512-E8+2qCIjciYUnCa1AiVF1BkRgqIGW9KzJeesQqVfyRITGQN+dFuoivO0hnro1DjT74wXLRZ7QF8MIbz+luGaJA==}
    cpu: [arm64]
    os: [android]

  '@rollup/rollup-darwin-arm64@4.34.6':
    resolution: {integrity: sha512-z9Ib+OzqN3DZEjX7PDQMHEhtF+t6Mi2z/ueChQPLS/qUMKY7Ybn5A2ggFoKRNRh1q1T03YTQfBTQCJZiepESAg==}
    cpu: [arm64]
    os: [darwin]

  '@rollup/rollup-darwin-x64@4.34.6':
    resolution: {integrity: sha512-PShKVY4u0FDAR7jskyFIYVyHEPCPnIQY8s5OcXkdU8mz3Y7eXDJPdyM/ZWjkYdR2m0izD9HHWA8sGcXn+Qrsyg==}
    cpu: [x64]
    os: [darwin]

  '@rollup/rollup-freebsd-arm64@4.34.6':
    resolution: {integrity: sha512-YSwyOqlDAdKqs0iKuqvRHLN4SrD2TiswfoLfvYXseKbL47ht1grQpq46MSiQAx6rQEN8o8URtpXARCpqabqxGQ==}
    cpu: [arm64]
    os: [freebsd]

  '@rollup/rollup-freebsd-x64@4.34.6':
    resolution: {integrity: sha512-HEP4CgPAY1RxXwwL5sPFv6BBM3tVeLnshF03HMhJYCNc6kvSqBgTMmsEjb72RkZBAWIqiPUyF1JpEBv5XT9wKQ==}
    cpu: [x64]
    os: [freebsd]

  '@rollup/rollup-linux-arm-gnueabihf@4.34.6':
    resolution: {integrity: sha512-88fSzjC5xeH9S2Vg3rPgXJULkHcLYMkh8faix8DX4h4TIAL65ekwuQMA/g2CXq8W+NJC43V6fUpYZNjaX3+IIg==}
    cpu: [arm]
    os: [linux]

  '@rollup/rollup-linux-arm-musleabihf@4.34.6':
    resolution: {integrity: sha512-wM4ztnutBqYFyvNeR7Av+reWI/enK9tDOTKNF+6Kk2Q96k9bwhDDOlnCUNRPvromlVXo04riSliMBs/Z7RteEg==}
    cpu: [arm]
    os: [linux]

  '@rollup/rollup-linux-arm64-gnu@4.34.6':
    resolution: {integrity: sha512-9RyprECbRa9zEjXLtvvshhw4CMrRa3K+0wcp3KME0zmBe1ILmvcVHnypZ/aIDXpRyfhSYSuN4EPdCCj5Du8FIA==}
    cpu: [arm64]
    os: [linux]

  '@rollup/rollup-linux-arm64-musl@4.34.6':
    resolution: {integrity: sha512-qTmklhCTyaJSB05S+iSovfo++EwnIEZxHkzv5dep4qoszUMX5Ca4WM4zAVUMbfdviLgCSQOu5oU8YoGk1s6M9Q==}
    cpu: [arm64]
    os: [linux]

  '@rollup/rollup-linux-loongarch64-gnu@4.34.6':
    resolution: {integrity: sha512-4Qmkaps9yqmpjY5pvpkfOerYgKNUGzQpFxV6rnS7c/JfYbDSU0y6WpbbredB5cCpLFGJEqYX40WUmxMkwhWCjw==}
    cpu: [loong64]
    os: [linux]

  '@rollup/rollup-linux-powerpc64le-gnu@4.34.6':
    resolution: {integrity: sha512-Zsrtux3PuaxuBTX/zHdLaFmcofWGzaWW1scwLU3ZbW/X+hSsFbz9wDIp6XvnT7pzYRl9MezWqEqKy7ssmDEnuQ==}
    cpu: [ppc64]
    os: [linux]

  '@rollup/rollup-linux-riscv64-gnu@4.34.6':
    resolution: {integrity: sha512-aK+Zp+CRM55iPrlyKiU3/zyhgzWBxLVrw2mwiQSYJRobCURb781+XstzvA8Gkjg/hbdQFuDw44aUOxVQFycrAg==}
    cpu: [riscv64]
    os: [linux]

  '@rollup/rollup-linux-s390x-gnu@4.34.6':
    resolution: {integrity: sha512-WoKLVrY9ogmaYPXwTH326+ErlCIgMmsoRSx6bO+l68YgJnlOXhygDYSZe/qbUJCSiCiZAQ+tKm88NcWuUXqOzw==}
    cpu: [s390x]
    os: [linux]

  '@rollup/rollup-linux-x64-gnu@4.34.6':
    resolution: {integrity: sha512-Sht4aFvmA4ToHd2vFzwMFaQCiYm2lDFho5rPcvPBT5pCdC+GwHG6CMch4GQfmWTQ1SwRKS0dhDYb54khSrjDWw==}
    cpu: [x64]
    os: [linux]

  '@rollup/rollup-linux-x64-musl@4.34.6':
    resolution: {integrity: sha512-zmmpOQh8vXc2QITsnCiODCDGXFC8LMi64+/oPpPx5qz3pqv0s6x46ps4xoycfUiVZps5PFn1gksZzo4RGTKT+A==}
    cpu: [x64]
    os: [linux]

  '@rollup/rollup-win32-arm64-msvc@4.34.6':
    resolution: {integrity: sha512-3/q1qUsO/tLqGBaD4uXsB6coVGB3usxw3qyeVb59aArCgedSF66MPdgRStUd7vbZOsko/CgVaY5fo2vkvPLWiA==}
    cpu: [arm64]
    os: [win32]

  '@rollup/rollup-win32-ia32-msvc@4.34.6':
    resolution: {integrity: sha512-oLHxuyywc6efdKVTxvc0135zPrRdtYVjtVD5GUm55I3ODxhU/PwkQFD97z16Xzxa1Fz0AEe4W/2hzRtd+IfpOA==}
    cpu: [ia32]
    os: [win32]

  '@rollup/rollup-win32-x64-msvc@4.34.6':
    resolution: {integrity: sha512-0PVwmgzZ8+TZ9oGBmdZoQVXflbvuwzN/HRclujpl4N/q3i+y0lqLw8n1bXA8ru3sApDjlmONaNAuYr38y1Kr9w==}
    cpu: [x64]
    os: [win32]

  '@types/estree@1.0.6':
    resolution: {integrity: sha512-AYnb1nQyY49te+VRAVgmzfcgjYS91mY5P0TKUDCLEM+gNnA+3T6rWITXRLYCpahpqSQbN5cE+gHpnPyXjHWxcw==}

  '@types/glob@7.2.0':
    resolution: {integrity: sha512-ZUxbzKl0IfJILTS6t7ip5fQQM/J3TJYubDm3nMbgubNNYS62eXeUpoLUC8/7fJNiFYHTrGPQn7hspDUzIHX3UA==}

  '@types/minimatch@5.1.2':
    resolution: {integrity: sha512-K0VQKziLUWkVKiRVrx4a40iPaxTUefQmjtkQofBkYRcoaaL/8rhwDWww9qWbrgicNOgnpIsMxyNIUM4+n6dUIA==}

  '@types/node@22.13.1':
    resolution: {integrity: sha512-jK8uzQlrvXqEU91UxiK5J7pKHyzgnI1Qnl0QDHIgVGuolJhRb9EEl28Cj9b3rGR8B2lhFCtvIm5os8lFnO/1Ew==}

  '@types/resolve@1.20.2':
    resolution: {integrity: sha512-60BCwRFOZCQhDncwQdxxeOEEkbc5dIMccYLwbxsS4TUNeVECQ/pBJ0j09mrHOl/JJvpRPGwO9SvE4nR2Nb/a4Q==}

  acorn@8.14.0:
    resolution: {integrity: sha512-cl669nCJTZBsL97OF4kUQm5g5hC2uihk0NxY3WENAC0TYdILVkAyHymAntgxGkl7K+t0cXIrH5siy5S4XkFycA==}
    engines: {node: '>=0.4.0'}
    hasBin: true

  aggregate-error@3.1.0:
    resolution: {integrity: sha512-4I7Td01quW/RpocfNayFdFVk1qSuoh0E7JrbRJ16nH01HhKFQ88INq9Sd+nd72zqRySlr9BmDA8xlEJ6vJMrYA==}
    engines: {node: '>=8'}

  array-union@2.1.0:
    resolution: {integrity: sha512-HGyxoOTYUyCM6stUe6EJgnd4EoewAI7zMdfqO+kGjnlZmBDz/cR5pf8r/cR4Wq60sL/p0IkcjUEEPwS3GFrIyw==}
    engines: {node: '>=8'}

  balanced-match@1.0.2:
    resolution: {integrity: sha512-3oSeUO0TMV67hN1AmbXsK4yaqU7tjiHlbxRDZOpH0KW9+CeX4bRAaX0Anxt0tx2MrpRpWwQaPwIlISEJhYU5Pw==}

  brace-expansion@1.1.11:
    resolution: {integrity: sha512-iCuPHDFgrHX7H2vEI/5xpz07zSHB00TpugqhmYtVmMO6518mCuRMoOYFldEBl0g187ufozdaHgWKcYFb61qGiA==}

  braces@3.0.3:
    resolution: {integrity: sha512-yQbXgO/OSZVD2IsiLlro+7Hf6Q18EJrKSEsdoMzKePKXct3gvD8oLcOQdIzGupr5Fj+EDe8gO/lxc1BzfMpxvA==}
    engines: {node: '>=8'}

  buffer-from@1.1.2:
    resolution: {integrity: sha512-E+XQCRwSbaaiChtv6k6Dwgc+bx+Bs6vuKJHHl5kox/BaKbhiXzqQOwK4cO22yElGp2OCmjwVhT3HmxgyPGnJfQ==}

  clean-stack@2.2.0:
    resolution: {integrity: sha512-4diC9HaTE+KRAMWhDhrGOECgWZxoevMc5TlkObMqNSsVU62PYzXZ/SMTjzyGAFF1YusgxGcSWTEXBhp0CPwQ1A==}
    engines: {node: '>=6'}

  commander@2.20.3:
    resolution: {integrity: sha512-GpVkmM8vF2vQUkj2LvZmD35JxeJOLCwJ9cUkugyk2nuhbv3+mJvpLYYt+0+USMxE+oj+ey/lJEnhZw75x/OMcQ==}

  commondir@1.0.1:
    resolution: {integrity: sha512-W9pAhw0ja1Edb5GVdIF1mjZw/ASI0AlShXM83UUGe2DVr5TdAPEA1OA8m/g8zWp9x6On7gqufY+FatDbC3MDQg==}

  concat-map@0.0.1:
    resolution: {integrity: sha512-/Srv4dswyQNBfohGpz9o6Yb3Gz3SrUDqBH5rTuhGR7ahtlbYKnVxw2bCFMRljaA7EXHaXZ8wsHdodFvbkhKmqg==}

  deepmerge@4.3.1:
    resolution: {integrity: sha512-3sUqbMEc77XqpdNO7FRyRog+eW3ph+GYCbj+rK+uYyRMuwsVy0rMiVtPn+QJlKFvWP/1PYpapqYn0Me2knFn+A==}
    engines: {node: '>=0.10.0'}

  del@5.1.0:
    resolution: {integrity: sha512-wH9xOVHnczo9jN2IW68BabcecVPxacIA3g/7z6vhSU/4stOKQzeCRK0yD0A24WiAAUJmmVpWqrERcTxnLo3AnA==}
    engines: {node: '>=8'}

  dir-glob@3.0.1:
    resolution: {integrity: sha512-WkrWp9GR4KXfKGYzOLmTuGVi1UWFfws377n9cc55/tb6DuqyF6pcQ5AbiHEshaDpY9v6oaSr2XCDidGmMwdzIA==}
    engines: {node: '>=8'}

  estree-walker@2.0.2:
    resolution: {integrity: sha512-Rfkk/Mp/DL7JVje3u18FxFujQlTNR2q6QfMSMB7AvCBx91NGj/ba3kCfza0f6dVDbw7YlRf/nDrn7pQrCCyQ/w==}

  fast-glob@3.3.3:
    resolution: {integrity: sha512-7MptL8U0cqcFdzIzwOTHoilX9x5BrNqye7Z/LuC7kCMRio1EMSyqRK3BEAUD7sXRq4iT4AzTVuZdhgQ2TCvYLg==}
    engines: {node: '>=8.6.0'}

  fastq@1.19.0:
    resolution: {integrity: sha512-7SFSRCNjBQIZH/xZR3iy5iQYR8aGBE0h3VG6/cwlbrpdciNYBMotQav8c1XI3HjHH+NikUpP53nPdlZSdWmFzA==}

  fdir@6.4.3:
    resolution: {integrity: sha512-PMXmW2y1hDDfTSRc9gaXIuCCRpuoz3Kaz8cUelp3smouvfT632ozg2vrT6lJsHKKOF59YLbOGfAWGUcKEfRMQw==}
    peerDependencies:
      picomatch: ^3 || ^4
    peerDependenciesMeta:
      picomatch:
        optional: true

  fill-range@7.1.1:
    resolution: {integrity: sha512-YsGpe3WHLK8ZYi4tWDg2Jy3ebRz2rXowDxnld4bkQB00cc/1Zw9AWnC0i9ztDJitivtQvaI9KaLyKrc+hBW0yg==}
    engines: {node: '>=8'}

  fs.realpath@1.0.0:
    resolution: {integrity: sha512-OO0pH2lK6a0hZnAdau5ItzHPI6pUlvI7jMVnxUQRtw4owF2wk8lOSabtGDCTP4Ggrg2MbGnWO9X8K1t4+fGMDw==}

  fsevents@2.3.3:
    resolution: {integrity: sha512-5xoDfX+fL7faATnagmWPpbFtwh/R77WmMMqqHGS65C3vvB0YHrgF+B1YmZ3441tMj5n63k0212XNoJwzlhffQw==}
    engines: {node: ^8.16.0 || ^10.6.0 || >=11.0.0}
    os: [darwin]

  function-bind@1.1.2:
    resolution: {integrity: sha512-7XHNxH7qX9xG5mIwxkhumTox/MIRNcOgDrxWsMt2pAr23WHp6MrRlN7FBSFpCpr+oVO0F744iUgR82nJMfG2SA==}

  glob-parent@5.1.2:
    resolution: {integrity: sha512-AOIgSQCepiJYwP3ARnGx+5VnTu2HBYdzbGP45eLw1vr3zB3vZLeyed1sC9hnbcOc9/SrMyM5RPQrkGz4aS9Zow==}
    engines: {node: '>= 6'}

  glob@7.2.3:
    resolution: {integrity: sha512-nFR0zLpU2YCaRxwoCJvL6UvCH2JFyFVIvwTLsIf21AuHlMskA1hhTdk+LlYJtOlYt9v6dvszD2BGRqBL+iQK9Q==}
    deprecated: Glob versions prior to v9 are no longer supported

  globby@10.0.2:
    resolution: {integrity: sha512-7dUi7RvCoT/xast/o/dLN53oqND4yk0nsHkhRgn9w65C4PofCLOoJ39iSOg+qVDdWQPIEj+eszMHQ+aLVwwQSg==}
    engines: {node: '>=8'}

  graceful-fs@4.2.11:
    resolution: {integrity: sha512-RbJ5/jmFcNNCcDV5o9eTnBLJ/HszWV0P73bc+Ff4nS/rJj+YaS6IGyiOL0VoBYX+l1Wrl3k63h/KrH+nhJ0XvQ==}

  hasown@2.0.2:
    resolution: {integrity: sha512-0hJU9SCPvmMzIBdZFqNPXWa6dqh7WdH0cII9y+CyS8rG3nL48Bclra9HmKhVVUHyPWNH5Y7xDwAB7bfgSjkUMQ==}
    engines: {node: '>= 0.4'}

  ignore@5.3.2:
    resolution: {integrity: sha512-hsBTNUqQTDwkWtcdYI2i06Y/nUBEsNEDJKjWdigLvegy8kDuJAS8uRlpkkcQpyEXL0Z/pjDy5HBmMjRCJ2gq+g==}
    engines: {node: '>= 4'}

  indent-string@4.0.0:
    resolution: {integrity: sha512-EdDDZu4A2OyIK7Lr/2zG+w5jmbuk1DVBnEwREQvBzspBJkCEbRa8GxU1lghYcaGJCnRWibjDXlq779X1/y5xwg==}
    engines: {node: '>=8'}

  inflight@1.0.6:
    resolution: {integrity: sha512-k92I/b08q4wvFscXCLvqfsHCrjrF7yiXsQuIVvVE7N82W3+aqpzuUdBbfhWcy/FZR3/4IgflMgKLOsvPDrGCJA==}
    deprecated: This module is not supported, and leaks memory. Do not use it. Check out lru-cache if you want a good and tested way to coalesce async requests by a key value, which is much more comprehensive and powerful.

  inherits@2.0.4:
    resolution: {integrity: sha512-k/vGaX4/Yla3WzyMCvTQOXYeIHvqOKtnqBduzTHpzpQZzAskKMhZ2K+EnBiSM9zGSoIFeMpXKxa4dYeZIQqewQ==}

  is-core-module@2.16.1:
    resolution: {integrity: sha512-UfoeMA6fIJ8wTYFEUjelnaGI67v6+N7qXJEvQuIGa99l4xsCruSYOVSQ0uPANn4dAzm8lkYPaKLrrijLq7x23w==}
    engines: {node: '>= 0.4'}

  is-extglob@2.1.1:
    resolution: {integrity: sha512-SbKbANkN603Vi4jEZv49LeVJMn4yGwsbzZworEoyEiutsN3nJYdbO36zfhGJ6QEDpOZIFkDtnq5JRxmvl3jsoQ==}
    engines: {node: '>=0.10.0'}

  is-glob@4.0.3:
    resolution: {integrity: sha512-xelSayHH36ZgE7ZWhli7pW34hNbNl8Ojv5KVmkJD4hBdD3th8Tfk9vYasLM+mXWOZhFkgZfxhLSnrwRr4elSSg==}
    engines: {node: '>=0.10.0'}

  is-module@1.0.0:
    resolution: {integrity: sha512-51ypPSPCoTEIN9dy5Oy+h4pShgJmPCygKfyRCISBI+JoWT/2oJvK8QPxmwv7b/p239jXrm9M1mlQbyKJ5A152g==}

  is-number@7.0.0:
    resolution: {integrity: sha512-41Cifkg6e8TylSpdtTpeLVMqvSBEVzTttHvERD741+pnZ8ANv0004MRL43QKPDlK9cGvNp6NZWZUBlbGXYxxng==}
    engines: {node: '>=0.12.0'}

  is-path-cwd@2.2.0:
    resolution: {integrity: sha512-w942bTcih8fdJPJmQHFzkS76NEP8Kzzvmw92cXsazb8intwLqPibPPdXf4ANdKV3rYMuuQYGIWtvz9JilB3NFQ==}
    engines: {node: '>=6'}

  is-path-inside@3.0.3:
    resolution: {integrity: sha512-Fd4gABb+ycGAmKou8eMftCupSir5lRxqf4aD/vd0cD2qc4HL07OjCeuHMr8Ro4CoMaeCKDB0/ECBOVWjTwUvPQ==}
    engines: {node: '>=8'}

  is-reference@1.2.1:
    resolution: {integrity: sha512-U82MsXXiFIrjCK4otLT+o2NA2Cd2g5MLoOVXUZjIOhLurrRxpEXzI8O0KZHr3IjLvlAH1kTPYSuqer5T9ZVBKQ==}

  js-tokens@4.0.0:
    resolution: {integrity: sha512-RdJUflcE3cUzKiMqQgsCu06FPu9UdIJO0beYbPhHN4k6apgJtifcoCtT9bcxOpYBtpD2kCM6Sbzg4CausW/PKQ==}

  magic-string@0.30.17:
    resolution: {integrity: sha512-sNPKHvyjVf7gyjwS4xGTaW/mCnF8wnjtifKBEhxfZ7E/S8tQ0rssrwGNn6q8JH/ohItJfSQp9mBtQYuTlH5QnA==}

  merge2@1.4.1:
    resolution: {integrity: sha512-8q7VEgMJW4J8tcfVPy8g09NcQwZdbwFEqhe/WZkoIzjn/3TGDwtOCYtXGxA3O8tPzpczCCDgv+P2P5y00ZJOOg==}
    engines: {node: '>= 8'}

  micromatch@4.0.8:
    resolution: {integrity: sha512-PXwfBhYu0hBCPw8Dn0E+WDYb7af3dSLVWKi3HGv84IdF4TyFoC0ysxFd0Goxw7nSv4T/PzEJQxsYsEiFCKo2BA==}
    engines: {node: '>=8.6'}

  minimatch@3.1.2:
    resolution: {integrity: sha512-J7p63hRiAjw1NDEww1W7i37+ByIrOWO5XQQAzZ3VOcL0PNybwpfmV/N05zFAzwQ9USyEcX6t3UO+K5aqBQOIHw==}

  once@1.4.0:
    resolution: {integrity: sha512-lNaJgI+2Q5URQBkccEKHTQOPaXdUxnZZElQTZY0MFUAuaEqe1E+Nyvgdz/aIyNi6Z9MzO5dv1H8n58/GELp3+w==}

  p-map@3.0.0:
    resolution: {integrity: sha512-d3qXVTF/s+W+CdJ5A29wywV2n8CQQYahlgz2bFiA+4eVNJbHJodPZ+/gXwPGh0bOqA+j8S+6+ckmvLGPk1QpxQ==}
    engines: {node: '>=8'}

  path-is-absolute@1.0.1:
    resolution: {integrity: sha512-AVbw3UJ2e9bq64vSaS9Am0fje1Pa8pbGqTTsmXfaIiMpnr5DlDhfJOuLj9Sf95ZPVDAUerDfEk88MPmPe7UCQg==}
    engines: {node: '>=0.10.0'}

  path-parse@1.0.7:
    resolution: {integrity: sha512-LDJzPVEEEPR+y48z93A0Ed0yXb8pAByGWo/k5YYdYgpY2/2EsOsksJrq7lOHxryrVOn1ejG6oAp8ahvOIQD8sw==}

  path-type@4.0.0:
    resolution: {integrity: sha512-gDKb8aZMDeD/tZWs9P6+q0J9Mwkdl6xMV8TjnGP3qJVJ06bdMgkbBlLU8IdfOsIsFz2BW1rNVT3XuNEl8zPAvw==}
    engines: {node: '>=8'}

  picocolors@1.1.1:
    resolution: {integrity: sha512-xceH2snhtb5M9liqDsmEw56le376mTZkEX/jEb/RxNFyegNul7eNslCXP9FDj/Lcu0X8KEyMceP2ntpaHrDEVA==}

  picomatch@2.3.1:
    resolution: {integrity: sha512-JU3teHTNjmE2VCGFzuY8EXzCDVwEqB2a8fsIvwaStHhAWJEeVd1o1QD80CU6+ZdEXXSLbSsuLwJjkCBWqRQUVA==}
    engines: {node: '>=8.6'}

  picomatch@4.0.2:
    resolution: {integrity: sha512-M7BAV6Rlcy5u+m6oPhAPFgJTzAioX/6B0DxyvDlo9l8+T3nLKbrczg2WLUyzd45L8RqfUMyGPzekbMvX2Ldkwg==}
    engines: {node: '>=12'}

  queue-microtask@1.2.3:
    resolution: {integrity: sha512-NuaNSa6flKT5JaSYQzJok04JzTL1CA6aGhv5rfLW3PgqA+M2ChpZQnAC8h8i4ZFkBS8X5RqkDBHA7r4hej3K9A==}

  randombytes@2.1.0:
    resolution: {integrity: sha512-vYl3iOX+4CKUWuxGi9Ukhie6fsqXqS9FE2Zaic4tNFD2N2QQaXOMFbuKK4QmDHC0JO6B1Zp41J0LpT0oR68amQ==}

  resolve@1.22.10:
    resolution: {integrity: sha512-NPRy+/ncIMeDlTAsuqwKIiferiawhefFJtkNSW0qZJEqMEb+qBt/77B/jGeeek+F0uOeN05CDa6HXbbIgtVX4w==}
    engines: {node: '>= 0.4'}
    hasBin: true

  reusify@1.0.4:
    resolution: {integrity: sha512-U9nH88a3fc/ekCF1l0/UP1IosiuIjyTh7hBvXVMHYgVcfGvt897Xguj2UOLDeI5BG2m7/uwyaLVT6fbtCwTyzw==}
    engines: {iojs: '>=1.0.0', node: '>=0.10.0'}

  rimraf@3.0.2:
    resolution: {integrity: sha512-JZkJMZkAGFFPP2YqXZXPbMlMBgsxzE8ILs4lMIX/2o0L9UBw9O/Y3o6wFw/i9YLapcUJWwqbi3kdxIPdC62TIA==}
    deprecated: Rimraf versions prior to v4 are no longer supported
    hasBin: true

  rollup-plugin-delete@2.1.0:
    resolution: {integrity: sha512-TEbqJd7giLvzQDTu4jSPufwhTJs/iYVN2LfR/YIYkqjC/oZ0/h9Q0AeljifIhzBzJYZtHQTWKEbMms5fbh54pw==}
    engines: {node: '>=10'}
    peerDependencies:
      rollup: '*'

  rollup-plugin-dts@6.1.1:
    resolution: {integrity: sha512-aSHRcJ6KG2IHIioYlvAOcEq6U99sVtqDDKVhnwt70rW6tsz3tv5OSjEiWcgzfsHdLyGXZ/3b/7b/+Za3Y6r1XA==}
    engines: {node: '>=16'}
    peerDependencies:
      rollup: ^3.29.4 || ^4
      typescript: ^4.5 || ^5.0

  rollup@4.34.6:
    resolution: {integrity: sha512-wc2cBWqJgkU3Iz5oztRkQbfVkbxoz5EhnCGOrnJvnLnQ7O0WhQUYyv18qQI79O8L7DdHrrlJNeCHd4VGpnaXKQ==}
    engines: {node: '>=18.0.0', npm: '>=8.0.0'}
    hasBin: true

  run-parallel@1.2.0:
    resolution: {integrity: sha512-5l4VyZR86LZ/lDxZTR6jqL8AFE2S0IFLMP26AbjsLVADxHdhB/c0GUsH+y39UfCi3dzz8OlQuPmnaJOMoDHQBA==}

  safe-buffer@5.2.1:
    resolution: {integrity: sha512-rp3So07KcdmmKbGvgaNxQSJr7bGVSVk5S9Eq1F+ppbRo70+YeaDxkw5Dd8NPN+GD6bjnYm2VuPuCXmpuYvmCXQ==}

  serialize-javascript@6.0.2:
    resolution: {integrity: sha512-Saa1xPByTTq2gdeFZYLLo+RFE35NHZkAbqZeWNd3BpzppeVisAqpDjcp8dyf6uIvEqJRd46jemmyA4iFIeVk8g==}

  slash@3.0.0:
    resolution: {integrity: sha512-g9Q1haeby36OSStwb4ntCGGGaKsaVSjQ68fBxoQcutl5fS1vuY18H3wSt3jFyFtrkx+Kz0V1G85A4MyAdDMi2Q==}
    engines: {node: '>=8'}

  smob@1.5.0:
    resolution: {integrity: sha512-g6T+p7QO8npa+/hNx9ohv1E5pVCmWrVCUzUXJyLdMmftX6ER0oiWY/w9knEonLpnOp6b6FenKnMfR8gqwWdwig==}

  source-map-support@0.5.21:
    resolution: {integrity: sha512-uBHU3L3czsIyYXKX88fdrGovxdSCoTGDRZ6SYXtSRxLZUzHg5P/66Ht6uoUlHu9EZod+inXhKo3qQgwXUT/y1w==}

  source-map@0.6.1:
    resolution: {integrity: sha512-UjgapumWlbMhkBgzT7Ykc5YXUT46F0iKu8SGXq0bcwP5dz/h0Plj6enJqjz1Zbq2l5WaqYnrVbwWOWMyF3F47g==}
    engines: {node: '>=0.10.0'}

  supports-preserve-symlinks-flag@1.0.0:
    resolution: {integrity: sha512-ot0WnXS9fgdkgIcePe6RHNk1WA8+muPa6cSjeR3V8K27q9BB1rTE3R1p7Hv0z1ZyAc8s6Vvv8DIyWf681MAt0w==}
    engines: {node: '>= 0.4'}

  terser@5.38.1:
    resolution: {integrity: sha512-GWANVlPM/ZfYzuPHjq0nxT+EbOEDDN3Jwhwdg1D8TU8oSkktp8w64Uq4auuGLxFSoNTRDncTq2hQHX1Ld9KHkA==}
    engines: {node: '>=10'}
    hasBin: true

  to-regex-range@5.0.1:
    resolution: {integrity: sha512-65P7iz6X5yEr1cwcgvQxbbIw7Uk3gOy5dIdtZ4rDveLqhrdJP+Li/Hx6tyK0NEb+2GCyneCMJiGqrADCSNk8sQ==}
    engines: {node: '>=8.0'}

  tslib@2.8.1:
    resolution: {integrity: sha512-oJFu94HQb+KVduSUQL7wnpmqnfmLsOA/nAh6b6EH0wCEoK0/mPeXU6c3wKDV83MkOuHPRHtSXKKU99IBazS/2w==}

  typescript@5.7.3:
    resolution: {integrity: sha512-84MVSjMEHP+FQRPy3pX9sTVV/INIex71s9TL2Gm5FG/WG1SqXeKyZ0k7/blY/4FdOzI12CBy1vGc4og/eus0fw==}
    engines: {node: '>=14.17'}
    hasBin: true

  undici-types@6.20.0:
    resolution: {integrity: sha512-Ny6QZ2Nju20vw1SRHe3d9jVu6gJ+4e3+MMpqu7pqE5HT6WsTSlce++GQmK5UXS8mzV8DSYHrQH+Xrf2jVcuKNg==}

  wrappy@1.0.2:
    resolution: {integrity: sha512-l4Sp/DRseor9wL6EvV2+TuQn63dMkPjZ/sp9XkghTEbV9KlPS1xUsZ3u7/IQO4wxtcFB4bgpQPRcR3QCvezPcQ==}

snapshots:

  '@babel/code-frame@7.26.2':
    dependencies:
      '@babel/helper-validator-identifier': 7.25.9
      js-tokens: 4.0.0
      picocolors: 1.1.1
    optional: true

  '@babel/helper-validator-identifier@7.25.9':
    optional: true

  '@jridgewell/gen-mapping@0.3.8':
    dependencies:
      '@jridgewell/set-array': 1.2.1
      '@jridgewell/sourcemap-codec': 1.5.0
      '@jridgewell/trace-mapping': 0.3.25

  '@jridgewell/resolve-uri@3.1.2': {}

  '@jridgewell/set-array@1.2.1': {}

  '@jridgewell/source-map@0.3.6':
    dependencies:
      '@jridgewell/gen-mapping': 0.3.8
      '@jridgewell/trace-mapping': 0.3.25

  '@jridgewell/sourcemap-codec@1.5.0': {}

  '@jridgewell/trace-mapping@0.3.25':
    dependencies:
      '@jridgewell/resolve-uri': 3.1.2
      '@jridgewell/sourcemap-codec': 1.5.0

  '@nodelib/fs.scandir@2.1.5':
    dependencies:
      '@nodelib/fs.stat': 2.0.5
      run-parallel: 1.2.0

  '@nodelib/fs.stat@2.0.5': {}

  '@nodelib/fs.walk@1.2.8':
    dependencies:
      '@nodelib/fs.scandir': 2.1.5
      fastq: 1.19.0

  '@rollup/plugin-commonjs@28.0.2(rollup@4.34.6)':
    dependencies:
      '@rollup/pluginutils': 5.1.4(rollup@4.34.6)
      commondir: 1.0.1
      estree-walker: 2.0.2
      fdir: 6.4.3(picomatch@4.0.2)
      is-reference: 1.2.1
      magic-string: 0.30.17
      picomatch: 4.0.2
    optionalDependencies:
      rollup: 4.34.6

  '@rollup/plugin-node-resolve@16.0.0(rollup@4.34.6)':
    dependencies:
      '@rollup/pluginutils': 5.1.4(rollup@4.34.6)
      '@types/resolve': 1.20.2
      deepmerge: 4.3.1
      is-module: 1.0.0
      resolve: 1.22.10
    optionalDependencies:
      rollup: 4.34.6

  '@rollup/plugin-terser@0.4.4(rollup@4.34.6)':
    dependencies:
      serialize-javascript: 6.0.2
      smob: 1.5.0
      terser: 5.38.1
    optionalDependencies:
      rollup: 4.34.6

  '@rollup/plugin-typescript@12.1.2(rollup@4.34.6)(tslib@2.8.1)(typescript@5.7.3)':
    dependencies:
      '@rollup/pluginutils': 5.1.4(rollup@4.34.6)
      resolve: 1.22.10
      typescript: 5.7.3
    optionalDependencies:
      rollup: 4.34.6
      tslib: 2.8.1

  '@rollup/pluginutils@5.1.4(rollup@4.34.6)':
    dependencies:
      '@types/estree': 1.0.6
      estree-walker: 2.0.2
      picomatch: 4.0.2
    optionalDependencies:
      rollup: 4.34.6

  '@rollup/rollup-android-arm-eabi@4.34.6':
    optional: true

  '@rollup/rollup-android-arm64@4.34.6':
    optional: true

  '@rollup/rollup-darwin-arm64@4.34.6':
    optional: true

  '@rollup/rollup-darwin-x64@4.34.6':
    optional: true

  '@rollup/rollup-freebsd-arm64@4.34.6':
    optional: true

  '@rollup/rollup-freebsd-x64@4.34.6':
    optional: true

  '@rollup/rollup-linux-arm-gnueabihf@4.34.6':
    optional: true

  '@rollup/rollup-linux-arm-musleabihf@4.34.6':
    optional: true

  '@rollup/rollup-linux-arm64-gnu@4.34.6':
    optional: true

  '@rollup/rollup-linux-arm64-musl@4.34.6':
    optional: true

  '@rollup/rollup-linux-loongarch64-gnu@4.34.6':
    optional: true

  '@rollup/rollup-linux-powerpc64le-gnu@4.34.6':
    optional: true

  '@rollup/rollup-linux-riscv64-gnu@4.34.6':
    optional: true

  '@rollup/rollup-linux-s390x-gnu@4.34.6':
    optional: true

  '@rollup/rollup-linux-x64-gnu@4.34.6':
    optional: true

  '@rollup/rollup-linux-x64-musl@4.34.6':
    optional: true

  '@rollup/rollup-win32-arm64-msvc@4.34.6':
    optional: true

  '@rollup/rollup-win32-ia32-msvc@4.34.6':
    optional: true

  '@rollup/rollup-win32-x64-msvc@4.34.6':
    optional: true

  '@types/estree@1.0.6': {}

  '@types/glob@7.2.0':
    dependencies:
      '@types/minimatch': 5.1.2
      '@types/node': 22.13.1

  '@types/minimatch@5.1.2': {}

  '@types/node@22.13.1':
    dependencies:
      undici-types: 6.20.0

  '@types/resolve@1.20.2': {}

  acorn@8.14.0: {}

  aggregate-error@3.1.0:
    dependencies:
      clean-stack: 2.2.0
      indent-string: 4.0.0

  array-union@2.1.0: {}

  balanced-match@1.0.2: {}

  brace-expansion@1.1.11:
    dependencies:
      balanced-match: 1.0.2
      concat-map: 0.0.1

  braces@3.0.3:
    dependencies:
      fill-range: 7.1.1

  buffer-from@1.1.2: {}

  clean-stack@2.2.0: {}

  commander@2.20.3: {}

  commondir@1.0.1: {}

  concat-map@0.0.1: {}

  deepmerge@4.3.1: {}

  del@5.1.0:
    dependencies:
      globby: 10.0.2
      graceful-fs: 4.2.11
      is-glob: 4.0.3
      is-path-cwd: 2.2.0
      is-path-inside: 3.0.3
      p-map: 3.0.0
      rimraf: 3.0.2
      slash: 3.0.0

  dir-glob@3.0.1:
    dependencies:
      path-type: 4.0.0

  estree-walker@2.0.2: {}

  fast-glob@3.3.3:
    dependencies:
      '@nodelib/fs.stat': 2.0.5
      '@nodelib/fs.walk': 1.2.8
      glob-parent: 5.1.2
      merge2: 1.4.1
      micromatch: 4.0.8

  fastq@1.19.0:
    dependencies:
      reusify: 1.0.4

  fdir@6.4.3(picomatch@4.0.2):
    optionalDependencies:
      picomatch: 4.0.2

  fill-range@7.1.1:
    dependencies:
      to-regex-range: 5.0.1

  fs.realpath@1.0.0: {}

  fsevents@2.3.3:
    optional: true

  function-bind@1.1.2: {}

  glob-parent@5.1.2:
    dependencies:
      is-glob: 4.0.3

  glob@7.2.3:
    dependencies:
      fs.realpath: 1.0.0
      inflight: 1.0.6
      inherits: 2.0.4
      minimatch: 3.1.2
      once: 1.4.0
      path-is-absolute: 1.0.1

  globby@10.0.2:
    dependencies:
      '@types/glob': 7.2.0
      array-union: 2.1.0
      dir-glob: 3.0.1
      fast-glob: 3.3.3
      glob: 7.2.3
      ignore: 5.3.2
      merge2: 1.4.1
      slash: 3.0.0

  graceful-fs@4.2.11: {}

  hasown@2.0.2:
    dependencies:
      function-bind: 1.1.2

  ignore@5.3.2: {}

  indent-string@4.0.0: {}

  inflight@1.0.6:
    dependencies:
      once: 1.4.0
      wrappy: 1.0.2

  inherits@2.0.4: {}

  is-core-module@2.16.1:
    dependencies:
      hasown: 2.0.2

  is-extglob@2.1.1: {}

  is-glob@4.0.3:
    dependencies:
      is-extglob: 2.1.1

  is-module@1.0.0: {}

  is-number@7.0.0: {}

  is-path-cwd@2.2.0: {}

  is-path-inside@3.0.3: {}

  is-reference@1.2.1:
    dependencies:
      '@types/estree': 1.0.6

  js-tokens@4.0.0:
    optional: true

  magic-string@0.30.17:
    dependencies:
      '@jridgewell/sourcemap-codec': 1.5.0

  merge2@1.4.1: {}

  micromatch@4.0.8:
    dependencies:
      braces: 3.0.3
      picomatch: 2.3.1

  minimatch@3.1.2:
    dependencies:
      brace-expansion: 1.1.11

  once@1.4.0:
    dependencies:
      wrappy: 1.0.2

  p-map@3.0.0:
    dependencies:
      aggregate-error: 3.1.0

  path-is-absolute@1.0.1: {}

  path-parse@1.0.7: {}

  path-type@4.0.0: {}

  picocolors@1.1.1:
    optional: true

  picomatch@2.3.1: {}

  picomatch@4.0.2: {}

  queue-microtask@1.2.3: {}

  randombytes@2.1.0:
    dependencies:
      safe-buffer: 5.2.1

  resolve@1.22.10:
    dependencies:
      is-core-module: 2.16.1
      path-parse: 1.0.7
      supports-preserve-symlinks-flag: 1.0.0

  reusify@1.0.4: {}

  rimraf@3.0.2:
    dependencies:
      glob: 7.2.3

  rollup-plugin-delete@2.1.0(rollup@4.34.6):
    dependencies:
      del: 5.1.0
      rollup: 4.34.6

  rollup-plugin-dts@6.1.1(rollup@4.34.6)(typescript@5.7.3):
    dependencies:
      magic-string: 0.30.17
      rollup: 4.34.6
      typescript: 5.7.3
    optionalDependencies:
      '@babel/code-frame': 7.26.2

  rollup@4.34.6:
    dependencies:
      '@types/estree': 1.0.6
    optionalDependencies:
      '@rollup/rollup-android-arm-eabi': 4.34.6
      '@rollup/rollup-android-arm64': 4.34.6
      '@rollup/rollup-darwin-arm64': 4.34.6
      '@rollup/rollup-darwin-x64': 4.34.6
      '@rollup/rollup-freebsd-arm64': 4.34.6
      '@rollup/rollup-freebsd-x64': 4.34.6
      '@rollup/rollup-linux-arm-gnueabihf': 4.34.6
      '@rollup/rollup-linux-arm-musleabihf': 4.34.6
      '@rollup/rollup-linux-arm64-gnu': 4.34.6
      '@rollup/rollup-linux-arm64-musl': 4.34.6
      '@rollup/rollup-linux-loongarch64-gnu': 4.34.6
      '@rollup/rollup-linux-powerpc64le-gnu': 4.34.6
      '@rollup/rollup-linux-riscv64-gnu': 4.34.6
      '@rollup/rollup-linux-s390x-gnu': 4.34.6
      '@rollup/rollup-linux-x64-gnu': 4.34.6
      '@rollup/rollup-linux-x64-musl': 4.34.6
      '@rollup/rollup-win32-arm64-msvc': 4.34.6
      '@rollup/rollup-win32-ia32-msvc': 4.34.6
      '@rollup/rollup-win32-x64-msvc': 4.34.6
      fsevents: 2.3.3

  run-parallel@1.2.0:
    dependencies:
      queue-microtask: 1.2.3

  safe-buffer@5.2.1: {}

  serialize-javascript@6.0.2:
    dependencies:
      randombytes: 2.1.0

  slash@3.0.0: {}

  smob@1.5.0: {}

  source-map-support@0.5.21:
    dependencies:
      buffer-from: 1.1.2
      source-map: 0.6.1

  source-map@0.6.1: {}

  supports-preserve-symlinks-flag@1.0.0: {}

  terser@5.38.1:
    dependencies:
      '@jridgewell/source-map': 0.3.6
      acorn: 8.14.0
      commander: 2.20.3
      source-map-support: 0.5.21

  to-regex-range@5.0.1:
    dependencies:
      is-number: 7.0.0

  tslib@2.8.1: {}

  typescript@5.7.3: {}

  undici-types@6.20.0: {}

  wrappy@1.0.2: {}
